
Microsoft Visual Studio Solution File, Format Version 12.00
# Visual Studio Version 17
VisualStudioVersion = 17.0.31903.59
MinimumVisualStudioVersion = 10.0.40219.1
Project("{9A19103F-16F7-4668-BE54-9A1E7A4F7556}") = "AdminBlog.Application", "AdminBlog.Application\AdminBlog.Application.csproj", "{AB699EE9-43A8-46F2-A855-04A26DE63372}"
EndProject
Project("{9A19103F-16F7-4668-BE54-9A1E7A4F7556}") = "AdminBlog.EntityFramework.Core", "AdminBlog.EntityFramework.Core\AdminBlog.EntityFramework.Core.csproj", "{4BD77E5C-138D-4F2D-B709-F9020F306AF3}"
EndProject
Project("{9A19103F-16F7-4668-BE54-9A1E7A4F7556}") = "AdminBlog.Web.Core", "AdminBlog.Web.Core\AdminBlog.Web.Core.csproj", "{9D14BB78-DA2A-4040-B9DB-5A515B599181}"
EndProject
Project("{9A19103F-16F7-4668-BE54-9A1E7A4F7556}") = "AdminBlog.Core", "AdminBlog.Core\AdminBlog.Core.csproj", "{4FB30091-15C7-4FD9-AB7D-266814F360F5}"
EndProject
Project("{9A19103F-16F7-4668-BE54-9A1E7A4F7556}") = "AdminBlog.Database.Migrations", "AdminBlog.Database.Migrations\AdminBlog.Database.Migrations.csproj", "{EA769D36-9D55-47A6-945F-1687EA95179F}"
EndProject
Project("{9A19103F-16F7-4668-BE54-9A1E7A4F7556}") = "AdminBlog.Web.Entry", "AdminBlog.Web.Entry\AdminBlog.Web.Entry.csproj", "{C8D99F52-EDC7-411F-8300-6DB14BF59E8C}"
EndProject
Project("{9A19103F-16F7-4668-BE54-9A1E7A4F7556}") = "AdminBlog.Common", "AdminBlog.Common\AdminBlog.Common.csproj", "{E8A12D18-6AE4-46ED-A660-61426AFC275A}"
EndProject
Project("{9A19103F-16F7-4668-BE54-9A1E7A4F7556}") = "AdminBlog.Core.Enum", "AdminBlog.Core.Enum\AdminBlog.Core.Enum.csproj", "{A4153DD0-F35E-46C2-8548-A57FAC75C945}"
EndProject
Project("{9A19103F-16F7-4668-BE54-9A1E7A4F7556}") = "AdminBlog.Dtos", "AdminBlog.Dtos\AdminBlog.Dtos.csproj", "{C1E047A2-1BF8-476A-A5C6-E14A5E9B06B8}"
EndProject
Project("{9A19103F-16F7-4668-BE54-9A1E7A4F7556}") = "AdminBlog.MapperConfig", "AdminBlog.MapperConfig\AdminBlog.MapperConfig.csproj", "{94EE9C6B-81BE-432D-933F-7487B1FEFE71}"
EndProject
Project("{2150E333-8FDC-42A3-9474-1A3956D46DE8}") = "0 Admin", "0 Admin", "{671FA95A-5DE4-45ED-A992-300F29405076}"
EndProject
Project("{2150E333-8FDC-42A3-9474-1A3956D46DE8}") = "1 Site", "1 Site", "{5B4EC8E1-D4EE-42D2-B8E4-63285C4ED1A2}"
EndProject
Project("{9A19103F-16F7-4668-BE54-9A1E7A4F7556}") = "Site.Web.Core", "Site.Web.Core\Site.Web.Core.csproj", "{38E0271C-C27B-4268-B256-22FF158BD2A6}"
EndProject
Project("{9A19103F-16F7-4668-BE54-9A1E7A4F7556}") = "Site.Application", "Site.Web.Application\Site.Application.csproj", "{B4DB5A72-A594-4820-8787-8420C8567AC7}"
EndProject
Project("{9A19103F-16F7-4668-BE54-9A1E7A4F7556}") = "Site.Web.Entry", "Site.Web.Entry\Site.Web.Entry.csproj", "{34EBCFB5-66F4-4B07-A601-6A89C43F21DB}"
EndProject
Project("{9A19103F-16F7-4668-BE54-9A1E7A4F7556}") = "AdminBlog.User", "AdminBlog.User\AdminBlog.User.csproj", "{649EDC41-DF58-4828-A6FA-27A2B4BAEF17}"
EndProject
Project("{2150E333-8FDC-42A3-9474-1A3956D46DE8}") = "2 Image", "2 Image", "{3DCCA4EB-D449-44EC-8767-5A9F456D3A93}"
EndProject
Project("{FAE04EC0-301F-11D3-BF4B-00C04F79EFBC}") = "Image.Entry", "Image.Entry\Image.Entry.csproj", "{EFA08663-31A8-488A-97BC-7DFEB4F468A5}"
EndProject
Global
	GlobalSection(SolutionConfigurationPlatforms) = preSolution
		Debug|Any CPU = Debug|Any CPU
		Release|Any CPU = Release|Any CPU
	EndGlobalSection
	GlobalSection(ProjectConfigurationPlatforms) = postSolution
		{AB699EE9-43A8-46F2-A855-04A26DE63372}.Debug|Any CPU.ActiveCfg = Debug|Any CPU
		{AB699EE9-43A8-46F2-A855-04A26DE63372}.Debug|Any CPU.Build.0 = Debug|Any CPU
		{AB699EE9-43A8-46F2-A855-04A26DE63372}.Release|Any CPU.ActiveCfg = Release|Any CPU
		{AB699EE9-43A8-46F2-A855-04A26DE63372}.Release|Any CPU.Build.0 = Release|Any CPU
		{4BD77E5C-138D-4F2D-B709-F9020F306AF3}.Debug|Any CPU.ActiveCfg = Debug|Any CPU
		{4BD77E5C-138D-4F2D-B709-F9020F306AF3}.Debug|Any CPU.Build.0 = Debug|Any CPU
		{4BD77E5C-138D-4F2D-B709-F9020F306AF3}.Release|Any CPU.ActiveCfg = Release|Any CPU
		{4BD77E5C-138D-4F2D-B709-F9020F306AF3}.Release|Any CPU.Build.0 = Release|Any CPU
		{9D14BB78-DA2A-4040-B9DB-5A515B599181}.Debug|Any CPU.ActiveCfg = Debug|Any CPU
		{9D14BB78-DA2A-4040-B9DB-5A515B599181}.Debug|Any CPU.Build.0 = Debug|Any CPU
		{9D14BB78-DA2A-4040-B9DB-5A515B599181}.Release|Any CPU.ActiveCfg = Release|Any CPU
		{9D14BB78-DA2A-4040-B9DB-5A515B599181}.Release|Any CPU.Build.0 = Release|Any CPU
		{4FB30091-15C7-4FD9-AB7D-266814F360F5}.Debug|Any CPU.ActiveCfg = Debug|Any CPU
		{4FB30091-15C7-4FD9-AB7D-266814F360F5}.Debug|Any CPU.Build.0 = Debug|Any CPU
		{4FB30091-15C7-4FD9-AB7D-266814F360F5}.Release|Any CPU.ActiveCfg = Release|Any CPU
		{4FB30091-15C7-4FD9-AB7D-266814F360F5}.Release|Any CPU.Build.0 = Release|Any CPU
		{EA769D36-9D55-47A6-945F-1687EA95179F}.Debug|Any CPU.ActiveCfg = Debug|Any CPU
		{EA769D36-9D55-47A6-945F-1687EA95179F}.Debug|Any CPU.Build.0 = Debug|Any CPU
		{EA769D36-9D55-47A6-945F-1687EA95179F}.Release|Any CPU.ActiveCfg = Release|Any CPU
		{EA769D36-9D55-47A6-945F-1687EA95179F}.Release|Any CPU.Build.0 = Release|Any CPU
		{C8D99F52-EDC7-411F-8300-6DB14BF59E8C}.Debug|Any CPU.ActiveCfg = Debug|Any CPU
		{C8D99F52-EDC7-411F-8300-6DB14BF59E8C}.Debug|Any CPU.Build.0 = Debug|Any CPU
		{C8D99F52-EDC7-411F-8300-6DB14BF59E8C}.Release|Any CPU.ActiveCfg = Release|Any CPU
		{C8D99F52-EDC7-411F-8300-6DB14BF59E8C}.Release|Any CPU.Build.0 = Release|Any CPU
		{E8A12D18-6AE4-46ED-A660-61426AFC275A}.Debug|Any CPU.ActiveCfg = Debug|Any CPU
		{E8A12D18-6AE4-46ED-A660-61426AFC275A}.Debug|Any CPU.Build.0 = Debug|Any CPU
		{E8A12D18-6AE4-46ED-A660-61426AFC275A}.Release|Any CPU.ActiveCfg = Release|Any CPU
		{E8A12D18-6AE4-46ED-A660-61426AFC275A}.Release|Any CPU.Build.0 = Release|Any CPU
		{A4153DD0-F35E-46C2-8548-A57FAC75C945}.Debug|Any CPU.ActiveCfg = Debug|Any CPU
		{A4153DD0-F35E-46C2-8548-A57FAC75C945}.Debug|Any CPU.Build.0 = Debug|Any CPU
		{A4153DD0-F35E-46C2-8548-A57FAC75C945}.Release|Any CPU.ActiveCfg = Release|Any CPU
		{A4153DD0-F35E-46C2-8548-A57FAC75C945}.Release|Any CPU.Build.0 = Release|Any CPU
		{C1E047A2-1BF8-476A-A5C6-E14A5E9B06B8}.Debug|Any CPU.ActiveCfg = Debug|Any CPU
		{C1E047A2-1BF8-476A-A5C6-E14A5E9B06B8}.Debug|Any CPU.Build.0 = Debug|Any CPU
		{C1E047A2-1BF8-476A-A5C6-E14A5E9B06B8}.Release|Any CPU.ActiveCfg = Release|Any CPU
		{C1E047A2-1BF8-476A-A5C6-E14A5E9B06B8}.Release|Any CPU.Build.0 = Release|Any CPU
		{94EE9C6B-81BE-432D-933F-7487B1FEFE71}.Debug|Any CPU.ActiveCfg = Debug|Any CPU
		{94EE9C6B-81BE-432D-933F-7487B1FEFE71}.Debug|Any CPU.Build.0 = Debug|Any CPU
		{94EE9C6B-81BE-432D-933F-7487B1FEFE71}.Release|Any CPU.ActiveCfg = Release|Any CPU
		{94EE9C6B-81BE-432D-933F-7487B1FEFE71}.Release|Any CPU.Build.0 = Release|Any CPU
		{38E0271C-C27B-4268-B256-22FF158BD2A6}.Debug|Any CPU.ActiveCfg = Debug|Any CPU
		{38E0271C-C27B-4268-B256-22FF158BD2A6}.Debug|Any CPU.Build.0 = Debug|Any CPU
		{38E0271C-C27B-4268-B256-22FF158BD2A6}.Release|Any CPU.ActiveCfg = Release|Any CPU
		{38E0271C-C27B-4268-B256-22FF158BD2A6}.Release|Any CPU.Build.0 = Release|Any CPU
		{B4DB5A72-A594-4820-8787-8420C8567AC7}.Debug|Any CPU.ActiveCfg = Debug|Any CPU
		{B4DB5A72-A594-4820-8787-8420C8567AC7}.Debug|Any CPU.Build.0 = Debug|Any CPU
		{B4DB5A72-A594-4820-8787-8420C8567AC7}.Release|Any CPU.ActiveCfg = Release|Any CPU
		{B4DB5A72-A594-4820-8787-8420C8567AC7}.Release|Any CPU.Build.0 = Release|Any CPU
		{34EBCFB5-66F4-4B07-A601-6A89C43F21DB}.Debug|Any CPU.ActiveCfg = Debug|Any CPU
		{34EBCFB5-66F4-4B07-A601-6A89C43F21DB}.Debug|Any CPU.Build.0 = Debug|Any CPU
		{34EBCFB5-66F4-4B07-A601-6A89C43F21DB}.Release|Any CPU.ActiveCfg = Release|Any CPU
		{34EBCFB5-66F4-4B07-A601-6A89C43F21DB}.Release|Any CPU.Build.0 = Release|Any CPU
		{649EDC41-DF58-4828-A6FA-27A2B4BAEF17}.Debug|Any CPU.ActiveCfg = Debug|Any CPU
		{649EDC41-DF58-4828-A6FA-27A2B4BAEF17}.Debug|Any CPU.Build.0 = Debug|Any CPU
		{649EDC41-DF58-4828-A6FA-27A2B4BAEF17}.Release|Any CPU.ActiveCfg = Release|Any CPU
		{649EDC41-DF58-4828-A6FA-27A2B4BAEF17}.Release|Any CPU.Build.0 = Release|Any CPU
		{EFA08663-31A8-488A-97BC-7DFEB4F468A5}.Debug|Any CPU.ActiveCfg = Debug|Any CPU
		{EFA08663-31A8-488A-97BC-7DFEB4F468A5}.Debug|Any CPU.Build.0 = Debug|Any CPU
		{EFA08663-31A8-488A-97BC-7DFEB4F468A5}.Release|Any CPU.ActiveCfg = Release|Any CPU
		{EFA08663-31A8-488A-97BC-7DFEB4F468A5}.Release|Any CPU.Build.0 = Release|Any CPU
	EndGlobalSection
	GlobalSection(SolutionProperties) = preSolution
		HideSolutionNode = FALSE
	EndGlobalSection
	GlobalSection(NestedProjects) = preSolution
		{AB699EE9-43A8-46F2-A855-04A26DE63372} = {671FA95A-5DE4-45ED-A992-300F29405076}
		{9D14BB78-DA2A-4040-B9DB-5A515B599181} = {671FA95A-5DE4-45ED-A992-300F29405076}
		{C8D99F52-EDC7-411F-8300-6DB14BF59E8C} = {671FA95A-5DE4-45ED-A992-300F29405076}
		{38E0271C-C27B-4268-B256-22FF158BD2A6} = {5B4EC8E1-D4EE-42D2-B8E4-63285C4ED1A2}
		{B4DB5A72-A594-4820-8787-8420C8567AC7} = {5B4EC8E1-D4EE-42D2-B8E4-63285C4ED1A2}
		{34EBCFB5-66F4-4B07-A601-6A89C43F21DB} = {5B4EC8E1-D4EE-42D2-B8E4-63285C4ED1A2}
		{649EDC41-DF58-4828-A6FA-27A2B4BAEF17} = {671FA95A-5DE4-45ED-A992-300F29405076}
		{EFA08663-31A8-488A-97BC-7DFEB4F468A5} = {3DCCA4EB-D449-44EC-8767-5A9F456D3A93}
	EndGlobalSection
	GlobalSection(ExtensibilityGlobals) = postSolution
		SolutionGuid = {B2073C2C-0FD3-452B-8047-8134D68E12CE}
	EndGlobalSection
EndGlobal
